
Microsoft Visual Studio Solution File, Format Version 12.00
# Visual Studio Version 17
VisualStudioVersion = 17.10.35027.167
MinimumVisualStudioVersion = 10.0.40219.1
Project("{2150E333-8FDC-42A3-9474-1A3956D46DE8}") = "AlturaCMS", "AlturaCMS", "{7ECEA2EB-A0BC-4BA7-B18E-A88423AE0237}"
EndProject
Project("{2150E333-8FDC-42A3-9474-1A3956D46DE8}") = "src", "src", "{BA3D4DD5-D0AA-4A87-8CA5-763B7DF2065E}"
EndProject
Project("{2150E333-8FDC-42A3-9474-1A3956D46DE8}") = "tests", "tests", "{0E6D3FF0-8466-4A46-BF0E-B2E740F3AA5B}"
EndProject
Project("{9A19103F-16F7-4668-BE54-9A1E7A4F7556}") = "AlturaCMS.API", "AlturaCMS.API\AlturaCMS.API.csproj", "{E8F9305C-9349-4DCC-BB1D-D5A3F4058BE5}"
EndProject
Project("{9A19103F-16F7-4668-BE54-9A1E7A4F7556}") = "AlturaCMS.Application", "AlturaCMS.Application\AlturaCMS.Application.csproj", "{7EFACD6A-BFAE-40A9-9742-9DFDBD0F5D57}"
EndProject
Project("{9A19103F-16F7-4668-BE54-9A1E7A4F7556}") = "AlturaCMS.Domain", "AlturaCMS.Domain\AlturaCMS.Domain.csproj", "{087C0572-1BAE-43DD-AD20-E1D9ADB5E63F}"
EndProject
Project("{9A19103F-16F7-4668-BE54-9A1E7A4F7556}") = "AlturaCMS.Infrastructure", "AlturaCMS.Infrastructure\AlturaCMS.Infrastructure.csproj", "{0DA3E7B3-BCCD-46B4-A8FF-AF7C294F6BD0}"
EndProject
Project("{9A19103F-16F7-4668-BE54-9A1E7A4F7556}") = "AlturaCMS.Persistence", "AlturaCMS.Persistence\AlturaCMS.Persistence.csproj", "{A222B92E-9BB3-4C17-8CB9-937C5393D284}"
EndProject
Project("{9A19103F-16F7-4668-BE54-9A1E7A4F7556}") = "AlturaCMS.Web", "AlturaCMS.Web\AlturaCMS.Web\AlturaCMS.Web.csproj", "{7E09F284-6209-47B7-9EE3-B913D6B5497A}"
EndProject
Project("{9A19103F-16F7-4668-BE54-9A1E7A4F7556}") = "AlturaCMS.Web.Client", "AlturaCMS.Web\AlturaCMS.Web.Client\AlturaCMS.Web.Client.csproj", "{32AC41F9-3535-43A6-A698-926F3B8E999E}"
EndProject
Project("{9A19103F-16F7-4668-BE54-9A1E7A4F7556}") = "AlturaCMS.Application.Tests", "AlturaCMS.Application.Tests\AlturaCMS.Application.Tests.csproj", "{FCFC69E7-3515-4239-8A51-9DA1E1D8DE56}"
EndProject
Project("{9A19103F-16F7-4668-BE54-9A1E7A4F7556}") = "AlturaCMS.Domain.Tests", "AlturaCMS.Domain.Tests\AlturaCMS.Domain.Tests.csproj", "{1061819B-5711-4D40-A1E0-F367B51CEE06}"
EndProject
Project("{9A19103F-16F7-4668-BE54-9A1E7A4F7556}") = "AlturaCMS.Infrastructure.Tests", "AlturaCMS.Infrastructure.Tests\AlturaCMS.Infrastructure.Tests.csproj", "{92122238-D585-4018-9995-CFB8B8A33202}"
EndProject
Project("{9A19103F-16F7-4668-BE54-9A1E7A4F7556}") = "AlturaCMS.Persistence.Tests", "AlturaCMS.Persistence.Tests\AlturaCMS.Persistence.Tests.csproj", "{BD319577-DCEB-4AFA-89D3-786EAC0B7159}"
EndProject
Project("{9A19103F-16F7-4668-BE54-9A1E7A4F7556}") = "AlturaCMS.Web.Client.Tests", "AlturaCMS.Web.Client.Tests\AlturaCMS.Web.Client.Tests.csproj", "{6A50B4C2-5F42-46E2-AB88-4BF372CDAEA0}"
EndProject
Project("{2150E333-8FDC-42A3-9474-1A3956D46DE8}") = "AlturaBackend", "AlturaBackend", "{D5CA9BFE-C518-4156-A4A9-B0290E97FEC7}"
EndProject
Project("{2150E333-8FDC-42A3-9474-1A3956D46DE8}") = "src", "src", "{E773E533-32CB-46F8-859F-88F6650F3344}"
EndProject
Project("{2150E333-8FDC-42A3-9474-1A3956D46DE8}") = "tests", "tests", "{86F92C01-D243-4303-A5A3-4E5AD2794547}"
EndProject
Project("{FAE04EC0-301F-11D3-BF4B-00C04F79EFBC}") = "AlturaCMS.Backend.API", "AlturaCMS.Backend.API\AlturaCMS.Backend.API.csproj", "{138AC5A7-3A18-48A3-A071-95669D35B587}"
EndProject
Project("{FAE04EC0-301F-11D3-BF4B-00C04F79EFBC}") = "AlturaCMS.Backend.API.Tests", "AlturaCMS.Backend.API.Tests\AlturaCMS.Backend.API.Tests.csproj", "{BD10559A-B7ED-4C69-9350-3D4BBB102DFF}"
EndProject
Global
	GlobalSection(SolutionConfigurationPlatforms) = preSolution
		Debug|Any CPU = Debug|Any CPU
		Release|Any CPU = Release|Any CPU
	EndGlobalSection
	GlobalSection(ProjectConfigurationPlatforms) = postSolution
		{E8F9305C-9349-4DCC-BB1D-D5A3F4058BE5}.Debug|Any CPU.ActiveCfg = Debug|Any CPU
		{E8F9305C-9349-4DCC-BB1D-D5A3F4058BE5}.Debug|Any CPU.Build.0 = Debug|Any CPU
		{E8F9305C-9349-4DCC-BB1D-D5A3F4058BE5}.Release|Any CPU.ActiveCfg = Release|Any CPU
		{E8F9305C-9349-4DCC-BB1D-D5A3F4058BE5}.Release|Any CPU.Build.0 = Release|Any CPU
		{7EFACD6A-BFAE-40A9-9742-9DFDBD0F5D57}.Debug|Any CPU.ActiveCfg = Debug|Any CPU
		{7EFACD6A-BFAE-40A9-9742-9DFDBD0F5D57}.Debug|Any CPU.Build.0 = Debug|Any CPU
		{7EFACD6A-BFAE-40A9-9742-9DFDBD0F5D57}.Release|Any CPU.ActiveCfg = Release|Any CPU
		{7EFACD6A-BFAE-40A9-9742-9DFDBD0F5D57}.Release|Any CPU.Build.0 = Release|Any CPU
		{087C0572-1BAE-43DD-AD20-E1D9ADB5E63F}.Debug|Any CPU.ActiveCfg = Debug|Any CPU
		{087C0572-1BAE-43DD-AD20-E1D9ADB5E63F}.Debug|Any CPU.Build.0 = Debug|Any CPU
		{087C0572-1BAE-43DD-AD20-E1D9ADB5E63F}.Release|Any CPU.ActiveCfg = Release|Any CPU
		{087C0572-1BAE-43DD-AD20-E1D9ADB5E63F}.Release|Any CPU.Build.0 = Release|Any CPU
		{0DA3E7B3-BCCD-46B4-A8FF-AF7C294F6BD0}.Debug|Any CPU.ActiveCfg = Debug|Any CPU
		{0DA3E7B3-BCCD-46B4-A8FF-AF7C294F6BD0}.Debug|Any CPU.Build.0 = Debug|Any CPU
		{0DA3E7B3-BCCD-46B4-A8FF-AF7C294F6BD0}.Release|Any CPU.ActiveCfg = Release|Any CPU
		{0DA3E7B3-BCCD-46B4-A8FF-AF7C294F6BD0}.Release|Any CPU.Build.0 = Release|Any CPU
		{A222B92E-9BB3-4C17-8CB9-937C5393D284}.Debug|Any CPU.ActiveCfg = Debug|Any CPU
		{A222B92E-9BB3-4C17-8CB9-937C5393D284}.Debug|Any CPU.Build.0 = Debug|Any CPU
		{A222B92E-9BB3-4C17-8CB9-937C5393D284}.Release|Any CPU.ActiveCfg = Release|Any CPU
		{A222B92E-9BB3-4C17-8CB9-937C5393D284}.Release|Any CPU.Build.0 = Release|Any CPU
		{7E09F284-6209-47B7-9EE3-B913D6B5497A}.Debug|Any CPU.ActiveCfg = Debug|Any CPU
		{7E09F284-6209-47B7-9EE3-B913D6B5497A}.Debug|Any CPU.Build.0 = Debug|Any CPU
		{7E09F284-6209-47B7-9EE3-B913D6B5497A}.Release|Any CPU.ActiveCfg = Release|Any CPU
		{7E09F284-6209-47B7-9EE3-B913D6B5497A}.Release|Any CPU.Build.0 = Release|Any CPU
		{32AC41F9-3535-43A6-A698-926F3B8E999E}.Debug|Any CPU.ActiveCfg = Debug|Any CPU
		{32AC41F9-3535-43A6-A698-926F3B8E999E}.Debug|Any CPU.Build.0 = Debug|Any CPU
		{32AC41F9-3535-43A6-A698-926F3B8E999E}.Release|Any CPU.ActiveCfg = Release|Any CPU
		{32AC41F9-3535-43A6-A698-926F3B8E999E}.Release|Any CPU.Build.0 = Release|Any CPU
		{FCFC69E7-3515-4239-8A51-9DA1E1D8DE56}.Debug|Any CPU.ActiveCfg = Debug|Any CPU
		{FCFC69E7-3515-4239-8A51-9DA1E1D8DE56}.Debug|Any CPU.Build.0 = Debug|Any CPU
		{FCFC69E7-3515-4239-8A51-9DA1E1D8DE56}.Release|Any CPU.ActiveCfg = Release|Any CPU
		{FCFC69E7-3515-4239-8A51-9DA1E1D8DE56}.Release|Any CPU.Build.0 = Release|Any CPU
		{1061819B-5711-4D40-A1E0-F367B51CEE06}.Debug|Any CPU.ActiveCfg = Debug|Any CPU
		{1061819B-5711-4D40-A1E0-F367B51CEE06}.Debug|Any CPU.Build.0 = Debug|Any CPU
		{1061819B-5711-4D40-A1E0-F367B51CEE06}.Release|Any CPU.ActiveCfg = Release|Any CPU
		{1061819B-5711-4D40-A1E0-F367B51CEE06}.Release|Any CPU.Build.0 = Release|Any CPU
		{92122238-D585-4018-9995-CFB8B8A33202}.Debug|Any CPU.ActiveCfg = Debug|Any CPU
		{92122238-D585-4018-9995-CFB8B8A33202}.Debug|Any CPU.Build.0 = Debug|Any CPU
		{92122238-D585-4018-9995-CFB8B8A33202}.Release|Any CPU.ActiveCfg = Release|Any CPU
		{92122238-D585-4018-9995-CFB8B8A33202}.Release|Any CPU.Build.0 = Release|Any CPU
		{BD319577-DCEB-4AFA-89D3-786EAC0B7159}.Debug|Any CPU.ActiveCfg = Debug|Any CPU
		{BD319577-DCEB-4AFA-89D3-786EAC0B7159}.Debug|Any CPU.Build.0 = Debug|Any CPU
		{BD319577-DCEB-4AFA-89D3-786EAC0B7159}.Release|Any CPU.ActiveCfg = Release|Any CPU
		{BD319577-DCEB-4AFA-89D3-786EAC0B7159}.Release|Any CPU.Build.0 = Release|Any CPU
		{6A50B4C2-5F42-46E2-AB88-4BF372CDAEA0}.Debug|Any CPU.ActiveCfg = Debug|Any CPU
		{6A50B4C2-5F42-46E2-AB88-4BF372CDAEA0}.Debug|Any CPU.Build.0 = Debug|Any CPU
		{6A50B4C2-5F42-46E2-AB88-4BF372CDAEA0}.Release|Any CPU.ActiveCfg = Release|Any CPU
		{6A50B4C2-5F42-46E2-AB88-4BF372CDAEA0}.Release|Any CPU.Build.0 = Release|Any CPU
		{138AC5A7-3A18-48A3-A071-95669D35B587}.Debug|Any CPU.ActiveCfg = Debug|Any CPU
		{138AC5A7-3A18-48A3-A071-95669D35B587}.Debug|Any CPU.Build.0 = Debug|Any CPU
		{138AC5A7-3A18-48A3-A071-95669D35B587}.Release|Any CPU.ActiveCfg = Release|Any CPU
		{138AC5A7-3A18-48A3-A071-95669D35B587}.Release|Any CPU.Build.0 = Release|Any CPU
		{BD10559A-B7ED-4C69-9350-3D4BBB102DFF}.Debug|Any CPU.ActiveCfg = Debug|Any CPU
		{BD10559A-B7ED-4C69-9350-3D4BBB102DFF}.Debug|Any CPU.Build.0 = Debug|Any CPU
		{BD10559A-B7ED-4C69-9350-3D4BBB102DFF}.Release|Any CPU.ActiveCfg = Release|Any CPU
		{BD10559A-B7ED-4C69-9350-3D4BBB102DFF}.Release|Any CPU.Build.0 = Release|Any CPU
	EndGlobalSection
	GlobalSection(SolutionProperties) = preSolution
		HideSolutionNode = FALSE
	EndGlobalSection
	GlobalSection(NestedProjects) = preSolution
		{BA3D4DD5-D0AA-4A87-8CA5-763B7DF2065E} = {7ECEA2EB-A0BC-4BA7-B18E-A88423AE0237}
		{0E6D3FF0-8466-4A46-BF0E-B2E740F3AA5B} = {7ECEA2EB-A0BC-4BA7-B18E-A88423AE0237}
		{E8F9305C-9349-4DCC-BB1D-D5A3F4058BE5} = {BA3D4DD5-D0AA-4A87-8CA5-763B7DF2065E}
		{7EFACD6A-BFAE-40A9-9742-9DFDBD0F5D57} = {BA3D4DD5-D0AA-4A87-8CA5-763B7DF2065E}
		{087C0572-1BAE-43DD-AD20-E1D9ADB5E63F} = {BA3D4DD5-D0AA-4A87-8CA5-763B7DF2065E}
		{0DA3E7B3-BCCD-46B4-A8FF-AF7C294F6BD0} = {BA3D4DD5-D0AA-4A87-8CA5-763B7DF2065E}
		{A222B92E-9BB3-4C17-8CB9-937C5393D284} = {BA3D4DD5-D0AA-4A87-8CA5-763B7DF2065E}
		{7E09F284-6209-47B7-9EE3-B913D6B5497A} = {BA3D4DD5-D0AA-4A87-8CA5-763B7DF2065E}
		{32AC41F9-3535-43A6-A698-926F3B8E999E} = {BA3D4DD5-D0AA-4A87-8CA5-763B7DF2065E}
		{FCFC69E7-3515-4239-8A51-9DA1E1D8DE56} = {0E6D3FF0-8466-4A46-BF0E-B2E740F3AA5B}
		{1061819B-5711-4D40-A1E0-F367B51CEE06} = {0E6D3FF0-8466-4A46-BF0E-B2E740F3AA5B}
		{92122238-D585-4018-9995-CFB8B8A33202} = {0E6D3FF0-8466-4A46-BF0E-B2E740F3AA5B}
		{BD319577-DCEB-4AFA-89D3-786EAC0B7159} = {0E6D3FF0-8466-4A46-BF0E-B2E740F3AA5B}
		{6A50B4C2-5F42-46E2-AB88-4BF372CDAEA0} = {0E6D3FF0-8466-4A46-BF0E-B2E740F3AA5B}
		{E773E533-32CB-46F8-859F-88F6650F3344} = {D5CA9BFE-C518-4156-A4A9-B0290E97FEC7}
		{86F92C01-D243-4303-A5A3-4E5AD2794547} = {D5CA9BFE-C518-4156-A4A9-B0290E97FEC7}
		{138AC5A7-3A18-48A3-A071-95669D35B587} = {E773E533-32CB-46F8-859F-88F6650F3344}
		{BD10559A-B7ED-4C69-9350-3D4BBB102DFF} = {86F92C01-D243-4303-A5A3-4E5AD2794547}
	EndGlobalSection
	GlobalSection(ExtensibilityGlobals) = postSolution
		SolutionGuid = {930691F2-8DDA-487A-9CDD-D01F7CC31891}
	EndGlobalSection
EndGlobal
